
Microsoft Visual Studio Solution File, Format Version 12.00
# Visual Studio Version 16
VisualStudioVersion = 16.0.30907.101
MinimumVisualStudioVersion = 10.0.40219.1
Project("{FAE04EC0-301F-11D3-BF4B-00C04F79EFBC}") = "AthenaBookstore", "AthenaBookstore\AthenaBookstore.csproj", "{B50A543D-F7D8-4519-8477-E465A0B99645}"
EndProject
Global
	GlobalSection(SolutionConfigurationPlatforms) = preSolution
		Debug|Any CPU = Debug|Any CPU
		Release|Any CPU = Release|Any CPU
	EndGlobalSection
	GlobalSection(ProjectConfigurationPlatforms) = postSolution
		{B50A543D-F7D8-4519-8477-E465A0B99645}.Debug|Any CPU.ActiveCfg = Debug|Any CPU
		{B50A543D-F7D8-4519-8477-E465A0B99645}.Debug|Any CPU.Build.0 = Debug|Any CPU
		{B50A543D-F7D8-4519-8477-E465A0B99645}.Release|Any CPU.ActiveCfg = Release|Any CPU
		{B50A543D-F7D8-4519-8477-E465A0B99645}.Release|Any CPU.Build.0 = Release|Any CPU
	EndGlobalSection
	GlobalSection(SolutionProperties) = preSolution
		HideSolutionNode = FALSE
	EndGlobalSection
	GlobalSection(ExtensibilityGlobals) = postSolution
		SolutionGuid = {7036C769-6FE7-4516-9889-738C484898BA}
	EndGlobalSection
EndGlobal
